{
  "nodes": {
    "flake-compat": {
      "flake": false,
      "locked": {
        "lastModified": 1767039857,
        "narHash": "sha256-vNpUSpF5Nuw8xvDLj2KCwwksIbjua2LZCqhV1LNRDns=",
        "owner": "edolstra",
        "repo": "flake-compat",
        "rev": "5edf11c44bc78a0d334f6334cdaf7d60d732daab",
        "type": "github"
      },
      "original": {
        "owner": "edolstra",
        "repo": "flake-compat",
        "type": "github"
      }
    },
    "flake-parts": {
      "inputs": {
        "nixpkgs-lib": [
          "neovim-nightly-overlay",
          "nixpkgs"
        ]
      },
      "locked": {
        "lastModified": 1782949081,
        "narHash": "sha256-vp6Y/Grm98ESt6ceOkWiHWyZRDV3J1RID4w+6NWK9yA=",
        "owner": "hercules-ci",
        "repo": "flake-parts",
        "rev": "17c9d6cdfc60c64f4ee8d306f9bc0b4ccb51481e",
        "type": "github"
      },
      "original": {
        "owner": "hercules-ci",
        "repo": "flake-parts",
        "type": "github"
      }
    },
    "herdr": {
      "inputs": {
        "nixpkgs": "nixpkgs",
        "rust-overlay": "rust-overlay"
      },
      "locked": {
        "lastModified": 1785242053,
        "narHash": "sha256-5W2iCZ2GfxrBk7wMIdScyceq5Ohm3/XqDcM9PT3xTEM=",
        "owner": "ogulcancelik",
        "repo": "herdr",
        "rev": "e16d7d8c07a20f5ee0b4111808680bbcfd7df9ac",
        "type": "github"
      },
      "original": {
        "owner": "ogulcancelik",
        "repo": "herdr",
        "type": "github"
      }
    },
    "herdr-bar": {
      "flake": false,
      "locked": {
        "lastModified": 1785001637,
        "narHash": "sha256-O6jnFNhLcIbltEYwA9hsi/WU/Qqlhdu740XPK2OJtgY=",
        "owner": "jeffarese",
        "repo": "herdr-bar",
        "rev": "58c23e5c8d7926044f67524f403257bacdf88f6b",
        "type": "github"
      },
      "original": {
        "owner": "jeffarese",
        "repo": "herdr-bar",
        "type": "github"
      }
    },
    "herdr-navigator": {
      "flake": false,
      "locked": {
        "lastModified": 1783416845,
        "narHash": "sha256-7fpO6c7rOjbtMkCvx1gBTLejts2thfQtHP28mosMz2E=",
        "owner": "willfish",
        "repo": "herdr-navigator",
        "rev": "6fe572538a86287a8076e0580bbe217c369f8c24",
        "type": "github"
      },
      "original": {
        "owner": "willfish",
        "repo": "herdr-navigator",
        "type": "github"
      }
    },
    "herdr-recent-navigator": {
      "flake": false,
      "locked": {
        "lastModified": 1785245964,
        "narHash": "sha256-E1FEqTSgCjnhW44H8EFkA9t8Qmcaf6wMJ3H292x5/vs=",
        "owner": "beyondlex",
        "repo": "herdr-recent-navigator",
        "rev": "79cd2feaa8e493da32c230950545ec4c5ce2743b",
        "type": "github"
      },
      "original": {
        "owner": "beyondlex",
        "repo": "herdr-recent-navigator",
        "type": "github"
      }
    },
    "home-manager": {
      "inputs": {
        "nixpkgs": [
          "nixpkgs"
        ]
      },
      "locked": {
        "lastModified": 1785239295,
        "narHash": "sha256-aYFoftXjm7Df7CAoR0XoMQjJ9rTZ/l9d1jr9EqD7sHM=",
        "owner": "nix-community",
        "repo": "home-manager",
        "rev": "42bb40f7aaab63a107b64a20c4a4ade6550758d0",
        "type": "github"
      },
      "original": {
        "owner": "nix-community",
        "repo": "home-manager",
        "type": "github"
      }
    },
    "neovim-nightly-overlay": {
      "inputs": {
        "flake-parts": "flake-parts",
        "neovim-src": "neovim-src",
        "nixpkgs": "nixpkgs_2"
      },
      "locked": {
        "lastModified": 1784937789,
        "narHash": "sha256-OapoKXc31FbcfzT8Cehs3By0HnhgzZxnI42MCRXx6/8=",
        "owner": "nix-community",
        "repo": "neovim-nightly-overlay",
        "rev": "0f46eaeeea58c396929ed4d04ed46282e1e0e33f",
        "type": "github"
      },
      "original": {
        "owner": "nix-community",
        "repo": "neovim-nightly-overlay",
        "type": "github"
      }
    },
    "neovim-src": {
      "flake": false,
      "locked": {
        "lastModified": 1784934442,
        "narHash": "sha256-cMhWsQgVQjkeXc7gvCWIb7YEkGFY/L5GS2MlcHQU7N0=",
        "owner": "neovim",
        "repo": "neovim",
        "rev": "63c84e4c1a0224b478c9e7ed48d483d0d749a540",
        "type": "github"
      },
      "original": {
        "owner": "neovim",
        "repo": "neovim",
        "type": "github"
      }
    },
    "nix-darwin": {
      "inputs": {
        "nixpkgs": [
          "nixpkgs"
        ]
      },
      "locked": {
        "lastModified": 1784500460,
        "narHash": "sha256-UvORnAxTRHax7RG74W8Z2t4GvIkX6AjJ5kk0QlwZomo=",
        "owner": "LnL7",
        "repo": "nix-darwin",
        "rev": "57a3171f94705599a2499248ca5758d5eb47c0e0",
        "type": "github"
      },
      "original": {
        "owner": "LnL7",
        "repo": "nix-darwin",
        "type": "github"
      }
    },
    "nixos-wsl": {
      "inputs": {
        "flake-compat": "flake-compat",
        "nixpkgs": [
          "nixpkgs"
        ]
      },
      "locked": {
        "lastModified": 1784642409,
        "narHash": "sha256-hcbDqFuySAJawljt5r0sKBCJKYnbtGD0T/ZIozH1Dq0=",
        "owner": "nix-community",
        "repo": "nixos-wsl",
        "rev": "eaeb18da90024448a60eb1ec7132eafa4003404e",
        "type": "github"
      },
      "original": {
        "owner": "nix-community",
        "repo": "nixos-wsl",
        "type": "github"
      }
    },
    "nixpkgs": {
      "locked": {
        "lastModified": 1779357205,
        "narHash": "sha256-cCO8aTqss5x9Ky8GWkpY0Hy5fyTZEbtifSUV8QjSzic=",
        "owner": "NixOS",
        "repo": "nixpkgs",
        "rev": "f83fc3c307e74bc5fd5adb7eb6b8b13ffd2a36e1",
        "type": "github"
      },
      "original": {
        "owner": "NixOS",
        "ref": "nixos-unstable",
        "repo": "nixpkgs",
        "type": "github"
      }
    },
    "nixpkgs_2": {
      "locked": {
        "lastModified": 1784783405,
        "narHash": "sha256-4IHyyLgLBdKefkljdKod4IMn023pQiDXAWJA187cmdY=",
        "owner": "NixOS",
        "repo": "nixpkgs",
        "rev": "7525d999cd850b9a488817abc89c75dc733acf17",
        "type": "github"
      },
      "original": {
        "owner": "NixOS",
        "ref": "nixpkgs-unstable",
        "repo": "nixpkgs",
        "type": "github"
      }
    },
    "nixpkgs_3": {
      "locked": {
        "lastModified": 1785141334,
        "narHash": "sha256-kh35kIx7el4Jk8Ki3BH9/Pn1eZYSYLJ6LMALos0zOy0=",
        "owner": "NixOS",
        "repo": "nixpkgs",
        "rev": "38a4887411571457d700c51c64a6e49ead2ed5ab",
        "type": "github"
      },
      "original": {
        "owner": "NixOS",
        "ref": "nixpkgs-unstable",
        "repo": "nixpkgs",
        "type": "github"
      }
    },
    "root": {
      "inputs": {
        "herdr": "herdr",
        "herdr-bar": "herdr-bar",
        "herdr-navigator": "herdr-navigator",
        "herdr-recent-navigator": "herdr-recent-navigator",
        "home-manager": "home-manager",
        "neovim-nightly-overlay": "neovim-nightly-overlay",
        "nix-darwin": "nix-darwin",
        "nixos-wsl": "nixos-wsl",
        "nixpkgs": "nixpkgs_3"
      }
    },
    "rust-overlay": {
      "inputs": {
        "nixpkgs": [
          "herdr",
          "nixpkgs"
        ]
      },
      "locked": {
        "lastModified": 1783577481,
        "narHash": "sha256-EWMxOWrJ031f8f/lrcEmhTRs4npw1/5N3Hcjin846c8=",
        "owner": "oxalica",
        "repo": "rust-overlay",
        "rev": "4cdea398dc491b082dccdce0fad1ed0b75fa3394",
        "type": "github"
      },
      "original": {
        "owner": "oxalica",
        "repo": "rust-overlay",
        "type": "github"
      }
    }
  },
  "root": "root",
  "version": 7
}
